// !$*UTF8*$!
{
	archiveVersion = 1;
	classes = {
	};
	objectVersion = 46;
	objects = {

/* Begin PBXBuildFile section */
		062AEEB218D4E2D500A1A3C8 /* Foundation.framework in Frameworks */ = {isa = PBXBuildFile; fileRef = 062AEEB118D4E2D500A1A3C8 /* Foundation.framework */; };
		062AEEB418D4E2D500A1A3C8 /* CoreGraphics.framework in Frameworks */ = {isa = PBXBuildFile; fileRef = 062AEEB318D4E2D500A1A3C8 /* CoreGraphics.framework */; };
		062AEEB618D4E2D500A1A3C8 /* UIKit.framework in Frameworks */ = {isa = PBXBuildFile; fileRef = 062AEEB518D4E2D500A1A3C8 /* UIKit.framework */; };
		062AEEBC18D4E2D500A1A3C8 /* InfoPlist.strings in Resources */ = {isa = PBXBuildFile; fileRef = 062AEEBA18D4E2D500A1A3C8 /* InfoPlist.strings */; };
		062AEEBE18D4E2D500A1A3C8 /* main.m in Sources */ = {isa = PBXBuildFile; fileRef = 062AEEBD18D4E2D500A1A3C8 /* main.m */; };
		062AEEC218D4E2D500A1A3C8 /* APFAppDelegate.m in Sources */ = {isa = PBXBuildFile; fileRef = 062AEEC118D4E2D500A1A3C8 /* APFAppDelegate.m */; };
		062AEEC518D4E2D500A1A3C8 /* Main.storyboard in Resources */ = {isa = PBXBuildFile; fileRef = 062AEEC318D4E2D500A1A3C8 /* Main.storyboard */; };
		062AEEC818D4E2D500A1A3C8 /* APFMasterViewController.m in Sources */ = {isa = PBXBuildFile; fileRef = 062AEEC718D4E2D500A1A3C8 /* APFMasterViewController.m */; };
		062AEECB18D4E2D500A1A3C8 /* APFDetailViewController.m in Sources */ = {isa = PBXBuildFile; fileRef = 062AEECA18D4E2D500A1A3C8 /* APFDetailViewController.m */; };
		062AEECD18D4E2D500A1A3C8 /* Images.xcassets in Resources */ = {isa = PBXBuildFile; fileRef = 062AEECC18D4E2D500A1A3C8 /* Images.xcassets */; };
		062AEED418D4E2D600A1A3C8 /* XCTest.framework in Frameworks */ = {isa = PBXBuildFile; fileRef = 062AEED318D4E2D600A1A3C8 /* XCTest.framework */; };
		062AEED518D4E2D600A1A3C8 /* Foundation.framework in Frameworks */ = {isa = PBXBuildFile; fileRef = 062AEEB118D4E2D500A1A3C8 /* Foundation.framework */; };
		062AEED618D4E2D600A1A3C8 /* UIKit.framework in Frameworks */ = {isa = PBXBuildFile; fileRef = 062AEEB518D4E2D500A1A3C8 /* UIKit.framework */; };
		062AEEDE18D4E2D600A1A3C8 /* InfoPlist.strings in Resources */ = {isa = PBXBuildFile; fileRef = 062AEEDC18D4E2D600A1A3C8 /* InfoPlist.strings */; };
		062AEEE018D4E2D600A1A3C8 /* BlogReaderTests.m in Sources */ = {isa = PBXBuildFile; fileRef = 062AEEDF18D4E2D600A1A3C8 /* BlogReaderTests.m */; };
/* End PBXBuildFile section */

/* Begin PBXContainerItemProxy section */
		062AEED718D4E2D600A1A3C8 /* PBXContainerItemProxy */ = {
			isa = PBXContainerItemProxy;
			containerPortal = 062AEEA618D4E2D500A1A3C8 /* Project object */;
			proxyType = 1;
			remoteGlobalIDString = 062AEEAD18D4E2D500A1A3C8;
			remoteInfo = BlogReader;
		};
/* End PBXContainerItemProxy section */

/* Begin PBXFileReference section */
		062AEEAE18D4E2D500A1A3C8 /* BlogReader.app */ = {isa = PBXFileReference; explicitFileType = wrapper.application; includeInIndex = 0; path = BlogReader.app; sourceTree = BUILT_PRODUCTS_DIR; };
		062AEEB118D4E2D500A1A3C8 /* Foundation.framework */ = {isa = PBXFileReference; lastKnownFileType = wrapper.framework; name = Foundation.framework; path = System/Library/Frameworks/Foundation.framework; sourceTree = SDKROOT; };
		062AEEB318D4E2D500A1A3C8 /* CoreGraphics.framework */ = {isa = PBXFileReference; lastKnownFileType = wrapper.framework; name = CoreGraphics.framework; path = System/Library/Frameworks/CoreGraphics.framework; sourceTree = SDKROOT; };
		062AEEB518D4E2D500A1A3C8 /* UIKit.framework */ = {isa = PBXFileReference; lastKnownFileType = wrapper.framework; name = UIKit.framework; path = System/Library/Frameworks/UIKit.framework; sourceTree = SDKROOT; };
		062AEEB918D4E2D500A1A3C8 /* BlogReader-Info.plist */ = {isa = PBXFileReference; lastKnownFileType = text.plist.xml; path = "BlogReader-Info.plist"; sourceTree = "<group>"; };
		062AEEBB18D4E2D500A1A3C8 /* en */ = {isa = PBXFileReference; lastKnownFileType = text.plist.strings; name = en; path = en.lproj/InfoPlist.strings; sourceTree = "<group>"; };
		062AEEBD18D4E2D500A1A3C8 /* main.m */ = {isa = PBXFileReference; lastKnownFileType = sourcecode.c.objc; path = main.m; sourceTree = "<group>"; };
		062AEEBF18D4E2D500A1A3C8 /* BlogReader-Prefix.pch */ = {isa = PBXFileReference; lastKnownFileType = sourcecode.c.h; path = "BlogReader-Prefix.pch"; sourceTree = "<group>"; };
		062AEEC018D4E2D500A1A3C8 /* APFAppDelegate.h */ = {isa = PBXFileReference; lastKnownFileType = sourcecode.c.h; path = APFAppDelegate.h; sourceTree = "<group>"; };
		062AEEC118D4E2D500A1A3C8 /* APFAppDelegate.m */ = {isa = PBXFileReference; lastKnownFileType = sourcecode.c.objc; path = APFAppDelegate.m; sourceTree = "<group>"; };
		062AEEC418D4E2D500A1A3C8 /* Base */ = {isa = PBXFileReference; lastKnownFileType = file.storyboard; name = Base; path = Base.lproj/Main.storyboard; sourceTree = "<group>"; };
		062AEEC618D4E2D500A1A3C8 /* APFMasterViewController.h */ = {isa = PBXFileReference; lastKnownFileType = sourcecode.c.h; path = APFMasterViewController.h; sourceTree = "<group>"; };
		062AEEC718D4E2D500A1A3C8 /* APFMasterViewController.m */ = {isa = PBXFileReference; lastKnownFileType = sourcecode.c.objc; path = APFMasterViewController.m; sourceTree = "<group>"; };
		062AEEC918D4E2D500A1A3C8 /* APFDetailViewController.h */ = {isa = PBXFileReference; lastKnownFileType = sourcecode.c.h; path = APFDetailViewController.h; sourceTree = "<group>"; };
		062AEECA18D4E2D500A1A3C8 /* APFDetailViewController.m */ = {isa = PBXFileReference; lastKnownFileType = sourcecode.c.objc; path = APFDetailViewController.m; sourceTree = "<group>"; };
		062AEECC18D4E2D500A1A3C8 /* Images.xcassets */ = {isa = PBXFileReference; lastKnownFileType = folder.assetcatalog; path = Images.xcassets; sourceTree = "<group>"; };
		062AEED218D4E2D600A1A3C8 /* BlogReaderTests.xctest */ = {isa = PBXFileReference; explicitFileType = wrapper.cfbundle; includeInIndex = 0; path = BlogReaderTests.xctest; sourceTree = BUILT_PRODUCTS_DIR; };
		062AEED318D4E2D600A1A3C8 /* XCTest.framework */ = {isa = PBXFileReference; lastKnownFileType = wrapper.framework; name = XCTest.framework; path = Library/Frameworks/XCTest.framework; sourceTree = DEVELOPER_DIR; };
		062AEEDB18D4E2D600A1A3C8 /* BlogReaderTests-Info.plist */ = {isa = PBXFileReference; lastKnownFileType = text.plist.xml; path = "BlogReaderTests-Info.plist"; sourceTree = "<group>"; };
		062AEEDD18D4E2D600A1A3C8 /* en */ = {isa = PBXFileReference; lastKnownFileType = text.plist.strings; name = en; path = en.lproj/InfoPlist.strings; sourceTree = "<group>"; };
		062AEEDF18D4E2D600A1A3C8 /* BlogReaderTests.m */ = {isa = PBXFileReference; lastKnownFileType = sourcecode.c.objc; path = BlogReaderTests.m; sourceTree = "<group>"; };
/* End PBXFileReference section */

/* Begin PBXFrameworksBuildPhase section */
		062AEEAB18D4E2D500A1A3C8 /* Frameworks */ = {
			isa = PBXFrameworksBuildPhase;
			buildActionMask = 2147483647;
			files = (
				062AEEB418D4E2D500A1A3C8 /* CoreGraphics.framework in Frameworks */,
				062AEEB618D4E2D500A1A3C8 /* UIKit.framework in Frameworks */,
				062AEEB218D4E2D500A1A3C8 /* Foundation.framework in Frameworks */,
			);
			runOnlyForDeploymentPostprocessing = 0;
		};
		062AEECF18D4E2D600A1A3C8 /* Frameworks */ = {
			isa = PBXFrameworksBuildPhase;
			buildActionMask = 2147483647;
			files = (
				062AEED418D4E2D600A1A3C8 /* XCTest.framework in Frameworks */,
				062AEED618D4E2D600A1A3C8 /* UIKit.framework in Frameworks */,
				062AEED518D4E2D600A1A3C8 /* Foundation.framework in Frameworks */,
			);
			runOnlyForDeploymentPostprocessing = 0;
		};
/* End PBXFrameworksBuildPhase section */

/* Begin PBXGroup section */
		062AEEA518D4E2D500A1A3C8 = {
			isa = PBXGroup;
			children = (
				062AEEB718D4E2D500A1A3C8 /* BlogReader */,
				062AEED918D4E2D600A1A3C8 /* BlogReaderTests */,
				062AEEB018D4E2D500A1A3C8 /* Frameworks */,
				062AEEAF18D4E2D500A1A3C8 /* Products */,
			);
			sourceTree = "<group>";
		};
		062AEEAF18D4E2D500A1A3C8 /* Products */ = {
			isa = PBXGroup;
			children = (
				062AEEAE18D4E2D500A1A3C8 /* BlogReader.app */,
				062AEED218D4E2D600A1A3C8 /* BlogReaderTests.xctest */,
			);
			name = Products;
			sourceTree = "<group>";
		};
		062AEEB018D4E2D500A1A3C8 /* Frameworks */ = {
			isa = PBXGroup;
			children = (
				062AEEB118D4E2D500A1A3C8 /* Foundation.framework */,
				062AEEB318D4E2D500A1A3C8 /* CoreGraphics.framework */,
				062AEEB518D4E2D500A1A3C8 /* UIKit.framework */,
				062AEED318D4E2D600A1A3C8 /* XCTest.framework */,
			);
			name = Frameworks;
			sourceTree = "<group>";
		};
		062AEEB718D4E2D500A1A3C8 /* BlogReader */ = {
			isa = PBXGroup;
			children = (
				062AEEC018D4E2D500A1A3C8 /* APFAppDelegate.h */,
				062AEEC118D4E2D500A1A3C8 /* APFAppDelegate.m */,
				062AEEC318D4E2D500A1A3C8 /* Main.storyboard */,
				062AEEC618D4E2D500A1A3C8 /* APFMasterViewController.h */,
				062AEEC718D4E2D500A1A3C8 /* APFMasterViewController.m */,
				062AEEC918D4E2D500A1A3C8 /* APFDetailViewController.h */,
				062AEECA18D4E2D500A1A3C8 /* APFDetailViewController.m */,
				062AEECC18D4E2D500A1A3C8 /* Images.xcassets */,
				062AEEB818D4E2D500A1A3C8 /* Supporting Files */,
			);
			path = BlogReader;
			sourceTree = "<group>";
		};
		062AEEB818D4E2D500A1A3C8 /* Supporting Files */ = {
			isa = PBXGroup;
			children = (
				062AEEB918D4E2D500A1A3C8 /* BlogReader-Info.plist */,
				062AEEBA18D4E2D500A1A3C8 /* InfoPlist.strings */,
				062AEEBD18D4E2D500A1A3C8 /* main.m */,
				062AEEBF18D4E2D500A1A3C8 /* BlogReader-Prefix.pch */,
			);
			name = "Supporting Files";
			sourceTree = "<group>";
		};
		062AEED918D4E2D600A1A3C8 /* BlogReaderTests */ = {
			isa = PBXGroup;
			children = (
				062AEEDF18D4E2D600A1A3C8 /* BlogReaderTests.m */,
				062AEEDA18D4E2D600A1A3C8 /* Supporting Files */,
			);
			path = BlogReaderTests;
			sourceTree = "<group>";
		};
		062AEEDA18D4E2D600A1A3C8 /* Supporting Files */ = {
			isa = PBXGroup;
			children = (
				062AEEDB18D4E2D600A1A3C8 /* BlogReaderTests-Info.plist */,
				062AEEDC18D4E2D600A1A3C8 /* InfoPlist.strings */,
			);
			name = "Supporting Files";
			sourceTree = "<group>";
		};
/* End PBXGroup section */

/* Begin PBXNativeTarget section */
		062AEEAD18D4E2D500A1A3C8 /* BlogReader */ = {
			isa = PBXNativeTarget;
			buildConfigurationList = 062AEEE318D4E2D600A1A3C8 /* Build configuration list for PBXNativeTarget "BlogReader" */;
			buildPhases = (
				062AEEAA18D4E2D500A1A3C8 /* Sources */,
				062AEEAB18D4E2D500A1A3C8 /* Frameworks */,
				062AEEAC18D4E2D500A1A3C8 /* Resources */,
			);
			buildRules = (
			);
			dependencies = (
			);
			name = BlogReader;
			productName = BlogReader;
			productReference = 062AEEAE18D4E2D500A1A3C8 /* BlogReader.app */;
			productType = "com.apple.product-type.application";
		};
		062AEED118D4E2D600A1A3C8 /* BlogReaderTests */ = {
			isa = PBXNativeTarget;
			buildConfigurationList = 062AEEE618D4E2D600A1A3C8 /* Build configuration list for PBXNativeTarget "BlogReaderTests" */;
			buildPhases = (
				062AEECE18D4E2D600A1A3C8 /* Sources */,
				062AEECF18D4E2D600A1A3C8 /* Frameworks */,
				062AEED018D4E2D600A1A3C8 /* Resources */,
			);
			buildRules = (
			);
			dependencies = (
				062AEED818D4E2D600A1A3C8 /* PBXTargetDependency */,
			);
			name = BlogReaderTests;
			productName = BlogReaderTests;
			productReference = 062AEED218D4E2D600A1A3C8 /* BlogReaderTests.xctest */;
			productType = "com.apple.product-type.bundle.unit-test";
		};
/* End PBXNativeTarget section */

/* Begin PBXProject section */
		062AEEA618D4E2D500A1A3C8 /* Project object */ = {
			isa = PBXProject;
			attributes = {
				CLASSPREFIX = APF;
				LastUpgradeCheck = 0510;
				ORGANIZATIONNAME = "Flack AP";
				TargetAttributes = {
					062AEED118D4E2D600A1A3C8 = {
						TestTargetID = 062AEEAD18D4E2D500A1A3C8;
					};
				};
			};
			buildConfigurationList = 062AEEA918D4E2D500A1A3C8 /* Build configuration list for PBXProject "BlogReader" */;
			compatibilityVersion = "Xcode 3.2";
			developmentRegion = English;
			hasScannedForEncodings = 0;
			knownRegions = (
				en,
				Base,
			);
			mainGroup = 062AEEA518D4E2D500A1A3C8;
			productRefGroup = 062AEEAF18D4E2D500A1A3C8 /* Products */;
			projectDirPath = "";
			projectRoot = "";
			targets = (
				062AEEAD18D4E2D500A1A3C8 /* BlogReader */,
				062AEED118D4E2D600A1A3C8 /* BlogReaderTests */,
			);
		};
/* End PBXProject section */

/* Begin PBXResourcesBuildPhase section */
		062AEEAC18D4E2D500A1A3C8 /* Resources */ = {
			isa = PBXResourcesBuildPhase;
			buildActionMask = 2147483647;
			files = (
				062AEECD18D4E2D500A1A3C8 /* Images.xcassets in Resources */,
				062AEEBC18D4E2D500A1A3C8 /* InfoPlist.strings in Resources */,
				062AEEC518D4E2D500A1A3C8 /* Main.storyboard in Resources */,
			);
			runOnlyForDeploymentPostprocessing = 0;
		};
		062AEED018D4E2D600A1A3C8 /* Resources */ = {
			isa = PBXResourcesBuildPhase;
			buildActionMask = 2147483647;
			files = (
				062AEEDE18D4E2D600A1A3C8 /* InfoPlist.strings in Resources */,
			);
			runOnlyForDeploymentPostprocessing = 0;
		};
/* End PBXResourcesBuildPhase section */

/* Begin PBXSourcesBuildPhase section */
		062AEEAA18D4E2D500A1A3C8 /* Sources */ = {
			isa = PBXSourcesBuildPhase;
			buildActionMask = 2147483647;
			files = (
				062AEEC218D4E2D500A1A3C8 /* APFAppDelegate.m in Sources */,
				062AEECB18D4E2D500A1A3C8 /* APFDetailViewController.m in Sources */,
				062AEEC818D4E2D500A1A3C8 /* APFMasterViewController.m in Sources */,
				062AEEBE18D4E2D500A1A3C8 /* main.m in Sources */,
			);
			runOnlyForDeploymentPostprocessing = 0;
		};
		062AEECE18D4E2D600A1A3C8 /* Sources */ = {
			isa = PBXSourcesBuildPhase;
			buildActionMask = 2147483647;
			files = (
				062AEEE018D4E2D600A1A3C8 /* BlogReaderTests.m in Sources */,
			);
			runOnlyForDeploymentPostprocessing = 0;
		};
/* End PBXSourcesBuildPhase section */

/* Begin PBXTargetDependency section */
		062AEED818D4E2D600A1A3C8 /* PBXTargetDependency */ = {
			isa = PBXTargetDependency;
			target = 062AEEAD18D4E2D500A1A3C8 /* BlogReader */;
			targetProxy = 062AEED718D4E2D600A1A3C8 /* PBXContainerItemProxy */;
		};
/* End PBXTargetDependency section */

/* Begin PBXVariantGroup section */
		062AEEBA18D4E2D500A1A3C8 /* InfoPlist.strings */ = {
			isa = PBXVariantGroup;
			children = (
				062AEEBB18D4E2D500A1A3C8 /* en */,
			);
			name = InfoPlist.strings;
			sourceTree = "<group>";
		};
		062AEEC318D4E2D500A1A3C8 /* Main.storyboard */ = {
			isa = PBXVariantGroup;
			children = (
				062AEEC418D4E2D500A1A3C8 /* Base */,
			);
			name = Main.storyboard;
			sourceTree = "<group>";
		};
		062AEEDC18D4E2D600A1A3C8 /* InfoPlist.strings */ = {
			isa = PBXVariantGroup;
			children = (
				062AEEDD18D4E2D600A1A3C8 /* en */,
			);
			name = InfoPlist.strings;
			sourceTree = "<group>";
		};
/* End PBXVariantGroup section */

/* Begin XCBuildConfiguration section */
		062AEEE118D4E2D600A1A3C8 /* Debug */ = {
			isa = XCBuildConfiguration;
			buildSettings = {
				ALWAYS_SEARCH_USER_PATHS = NO;
				CLANG_CXX_LANGUAGE_STANDARD = "gnu++0x";
				CLANG_CXX_LIBRARY = "libc++";
				CLANG_ENABLE_MODULES = YES;
				CLANG_ENABLE_OBJC_ARC = YES;
				CLANG_WARN_BOOL_CONVERSION = YES;
				CLANG_WARN_CONSTANT_CONVERSION = YES;
				CLANG_WARN_DIRECT_OBJC_ISA_USAGE = YES_ERROR;
				CLANG_WARN_EMPTY_BODY = YES;
				CLANG_WARN_ENUM_CONVERSION = YES;
				CLANG_WARN_INT_CONVERSION = YES;
				CLANG_WARN_OBJC_ROOT_CLASS = YES_ERROR;
				CLANG_WARN__DUPLICATE_METHOD_MATCH = YES;
				"CODE_SIGN_IDENTITY[sdk=iphoneos*]" = "iPhone Developer";
				COPY_PHASE_STRIP = NO;
				GCC_C_LANGUAGE_STANDARD = gnu99;
				GCC_DYNAMIC_NO_PIC = NO;
				GCC_OPTIMIZATION_LEVEL = 0;
				GCC_PREPROCESSOR_DEFINITIONS = (
					"DEBUG=1",
					"$(inherited)",
				);
				GCC_SYMBOLS_PRIVATE_EXTERN = NO;
				GCC_WARN_64_TO_32_BIT_CONVERSION = YES;
				GCC_WARN_ABOUT_RETURN_TYPE = YES_ERROR;
				GCC_WARN_UNDECLARED_SELECTOR = YES;
				GCC_WARN_UNINITIALIZED_AUTOS = YES_AGGRESSIVE;
				GCC_WARN_UNUSED_FUNCTION = YES;
				GCC_WARN_UNUSED_VARIABLE = YES;
				IPHONEOS_DEPLOYMENT_TARGET = 7.1;
				ONLY_ACTIVE_ARCH = YES;
				SDKROOT = iphoneos;
			};
			name = Debug;
		};
		062AEEE218D4E2D600A1A3C8 /* Release */ = {
			isa = XCBuildConfiguration;
			buildSettings = {
				ALWAYS_SEARCH_USER_PATHS = NO;
				CLANG_CXX_LANGUAGE_STANDARD = "gnu++0x";
				CLANG_CXX_LIBRARY = "libc++";
				CLANG_ENABLE_MODULES = YES;
				CLANG_ENABLE_OBJC_ARC = YES;
				CLANG_WARN_BOOL_CONVERSION = YES;
				CLANG_WARN_CONSTANT_CONVERSION = YES;
				CLANG_WARN_DIRECT_OBJC_ISA_USAGE = YES_ERROR;
				CLANG_WARN_EMPTY_BODY = YES;
				CLANG_WARN_ENUM_CONVERSION = YES;
				CLANG_WARN_INT_CONVERSION = YES;
				CLANG_WARN_OBJC_ROOT_CLASS = YES_ERROR;
				CLANG_WARN__DUPLICATE_METHOD_MATCH = YES;
				"CODE_SIGN_IDENTITY[sdk=iphoneos*]" = "iPhone Developer";
				COPY_PHASE_STRIP = YES;
				ENABLE_NS_ASSERTIONS = NO;
				GCC_C_LANGUAGE_STANDARD = gnu99;
				GCC_WARN_64_TO_32_BIT_CONVERSION = YES;
				GCC_WARN_ABOUT_RETURN_TYPE = YES_ERROR;
				GCC_WARN_UNDECLARED_SELECTOR = YES;
				GCC_WARN_UNINITIALIZED_AUTOS = YES_AGGRESSIVE;
				GCC_WARN_UNUSED_FUNCTION = YES;
				GCC_WARN_UNUSED_VARIABLE = YES;
				IPHONEOS_DEPLOYMENT_TARGET = 7.1;
				SDKROOT = iphoneos;
				VALIDATE_PRODUCT = YES;
			};
			name = Release;
		};
		062AEEE418D4E2D600A1A3C8 /* Debug */ = {
			isa = XCBuildConfiguration;
			buildSettings = {
				ASSETCATALOG_COMPILER_APPICON_NAME = AppIcon;
				ASSETCATALOG_COMPILER_LAUNCHIMAGE_NAME = LaunchImage;
				GCC_PRECOMPILE_PREFIX_HEADER = YES;
				GCC_PREFIX_HEADER = "BlogReader/BlogReader-Prefix.pch";
				INFOPLIST_FILE = "BlogReader/BlogReader-Info.plist";
				PRODUCT_NAME = "$(TARGET_NAME)";
				WRAPPER_EXTENSION = app;
			};
			name = Debug;
		};
		062AEEE518D4E2D600A1A3C8 /* Release */ = {
			isa = XCBuildConfiguration;
			buildSettings = {
				ASSETCATALOG_COMPILER_APPICON_NAME = AppIcon;
				ASSETCATALOG_COMPILER_LAUNCHIMAGE_NAME = LaunchImage;
				GCC_PRECOMPILE_PREFIX_HEADER = YES;
				GCC_PREFIX_HEADER = "BlogReader/BlogReader-Prefix.pch";
				INFOPLIST_FILE = "BlogReader/BlogReader-Info.plist";
				PRODUCT_NAME = "$(TARGET_NAME)";
				WRAPPER_EXTENSION = app;
			};
			name = Release;
		};
		062AEEE718D4E2D600A1A3C8 /* Debug */ = {
			isa = XCBuildConfiguration;
			buildSettings = {
				BUNDLE_LOADER = "$(BUILT_PRODUCTS_DIR)/BlogReader.app/BlogReader";
				FRAMEWORK_SEARCH_PATHS = (
					"$(SDKROOT)/Developer/Library/Frameworks",
					"$(inherited)",
					"$(DEVELOPER_FRAMEWORKS_DIR)",
				);
				GCC_PRECOMPILE_PREFIX_HEADER = YES;
				GCC_PREFIX_HEADER = "BlogReader/BlogReader-Prefix.pch";
				GCC_PREPROCESSOR_DEFINITIONS = (
					"DEBUG=1",
					"$(inherited)",
				);
				INFOPLIST_FILE = "BlogReaderTests/BlogReaderTests-Info.plist";
				PRODUCT_NAME = "$(TARGET_NAME)";
				TEST_HOST = "$(BUNDLE_LOADER)";
				WRAPPER_EXTENSION = xctest;
			};
			name = Debug;
		};
		062AEEE818D4E2D600A1A3C8 /* Release */ = {
			isa = XCBuildConfiguration;
			buildSettings = {
				BUNDLE_LOADER = "$(BUILT_PRODUCTS_DIR)/BlogReader.app/BlogReader";
				FRAMEWORK_SEARCH_PATHS = (
					"$(SDKROOT)/Developer/Library/Frameworks",
					"$(inherited)",
					"$(DEVELOPER_FRAMEWORKS_DIR)",
				);
				GCC_PRECOMPILE_PREFIX_HEADER = YES;
				GCC_PREFIX_HEADER = "BlogReader/BlogReader-Prefix.pch";
				INFOPLIST_FILE = "BlogReaderTests/BlogReaderTests-Info.plist";
				PRODUCT_NAME = "$(TARGET_NAME)";
				TEST_HOST = "$(BUNDLE_LOADER)";
				WRAPPER_EXTENSION = xctest;
			};
			name = Release;
		};
/* End XCBuildConfiguration section */

/* Begin XCConfigurationList section */
		062AEEA918D4E2D500A1A3C8 /* Build configuration list for PBXProject "BlogReader" */ = {
			isa = XCConfigurationList;
			buildConfigurations = (
				062AEEE118D4E2D600A1A3C8 /* Debug */,
				062AEEE218D4E2D600A1A3C8 /* Release */,
			);
			defaultConfigurationIsVisible = 0;
			defaultConfigurationName = Release;
		};
		062AEEE318D4E2D600A1A3C8 /* Build configuration list for PBXNativeTarget "BlogReader" */ = {
			isa = XCConfigurationList;
			buildConfigurations = (
				062AEEE418D4E2D600A1A3C8 /* Debug */,
				062AEEE518D4E2D600A1A3C8 /* Release */,
			);
			defaultConfigurationIsVisible = 0;
		};
		062AEEE618D4E2D600A1A3C8 /* Build configuration list for PBXNativeTarget "BlogReaderTests" */ = {
			isa = XCConfigurationList;
			buildConfigurations = (
				062AEEE718D4E2D600A1A3C8 /* Debug */,
				062AEEE818D4E2D600A1A3C8 /* Release */,
			);
			defaultConfigurationIsVisible = 0;
		};
/* End XCConfigurationList section */
	};
	rootObject = 062AEEA618D4E2D500A1A3C8 /* Project object */;
}
